
Microsoft Visual Studio Solution File, Format Version 12.00
# Visual Studio 15
VisualStudioVersion = 15.0.28307.902
MinimumVisualStudioVersion = 10.0.40219.1
Project("{8BC9CEB8-8B4A-11D0-8D11-00A0C91BC942}") = "Laba_1", "Laba_1\Laba_1.vcxproj", "{EDED0680-647E-421B-BE4C-0ABE01A1E88B}"
EndProject
Global
	GlobalSection(SolutionConfigurationPlatforms) = preSolution
		Debug|x64 = Debug|x64
		Debug|x86 = Debug|x86
		Release|x64 = Release|x64
		Release|x86 = Release|x86
	EndGlobalSection
	GlobalSection(ProjectConfigurationPlatforms) = postSolution
		{EDED0680-647E-421B-BE4C-0ABE01A1E88B}.Debug|x64.ActiveCfg = Debug|x64
		{EDED0680-647E-421B-BE4C-0ABE01A1E88B}.Debug|x64.Build.0 = Debug|x64
		{EDED0680-647E-421B-BE4C-0ABE01A1E88B}.Debug|x86.ActiveCfg = Debug|Win32
		{EDED0680-647E-421B-BE4C-0ABE01A1E88B}.Debug|x86.Build.0 = Debug|Win32
		{EDED0680-647E-421B-BE4C-0ABE01A1E88B}.Release|x64.ActiveCfg = Release|x64
		{EDED0680-647E-421B-BE4C-0ABE01A1E88B}.Release|x64.Build.0 = Release|x64
		{EDED0680-647E-421B-BE4C-0ABE01A1E88B}.Release|x86.ActiveCfg = Release|Win32
		{EDED0680-647E-421B-BE4C-0ABE01A1E88B}.Release|x86.Build.0 = Release|Win32
	EndGlobalSection
	GlobalSection(SolutionProperties) = preSolution
		HideSolutionNode = FALSE
	EndGlobalSection
	GlobalSection(ExtensibilityGlobals) = postSolution
		SolutionGuid = {79061666-305C-4BFE-9D79-95260E15D7BB}
	EndGlobalSection
EndGlobal
